
Microsoft Visual Studio Solution File, Format Version 10.00
# Visual C++ Express 2008
Project("{8BC9CEB8-8B4A-11D0-8D11-00A0C91BC942}") = "DOSRunner", "DOSRunnerShell.vcproj", "{99BB894F-15BB-49C0-A179-A07CE3054C38}"
EndProject
Project("{8BC9CEB8-8B4A-11D0-8D11-00A0C91BC942}") = "DOSRunnerConfig", "Configurator\DOSRunnerConfig\DOSRunnerConfig.vcproj", "{9A640119-AE85-45AC-935D-2B9677CCA428}"
EndProject
Global
	GlobalSection(SolutionConfigurationPlatforms) = preSolution
		Debug|Itanium = Debug|Itanium
		Debug|Win32 = Debug|Win32
		Debug|x64 = Debug|x64
		Release|Itanium = Release|Itanium
		Release|Win32 = Release|Win32
		Release|x64 = Release|x64
	EndGlobalSection
	GlobalSection(ProjectConfigurationPlatforms) = postSolution
		{99BB894F-15BB-49C0-A179-A07CE3054C38}.Debug|Itanium.ActiveCfg = Debug|Itanium
		{99BB894F-15BB-49C0-A179-A07CE3054C38}.Debug|Itanium.Build.0 = Debug|Itanium
		{99BB894F-15BB-49C0-A179-A07CE3054C38}.Debug|Win32.ActiveCfg = Debug|Win32
		{99BB894F-15BB-49C0-A179-A07CE3054C38}.Debug|Win32.Build.0 = Debug|Win32
		{99BB894F-15BB-49C0-A179-A07CE3054C38}.Debug|x64.ActiveCfg = Debug|x64
		{99BB894F-15BB-49C0-A179-A07CE3054C38}.Debug|x64.Build.0 = Debug|x64
		{99BB894F-15BB-49C0-A179-A07CE3054C38}.Release|Itanium.ActiveCfg = Release|Itanium
		{99BB894F-15BB-49C0-A179-A07CE3054C38}.Release|Itanium.Build.0 = Release|Itanium
		{99BB894F-15BB-49C0-A179-A07CE3054C38}.Release|Win32.ActiveCfg = Release|Win32
		{99BB894F-15BB-49C0-A179-A07CE3054C38}.Release|Win32.Build.0 = Release|Win32
		{99BB894F-15BB-49C0-A179-A07CE3054C38}.Release|x64.ActiveCfg = Release|x64
		{99BB894F-15BB-49C0-A179-A07CE3054C38}.Release|x64.Build.0 = Release|x64
		{9A640119-AE85-45AC-935D-2B9677CCA428}.Debug|Itanium.ActiveCfg = Debug|Win32
		{9A640119-AE85-45AC-935D-2B9677CCA428}.Debug|Win32.ActiveCfg = Debug|Win32
		{9A640119-AE85-45AC-935D-2B9677CCA428}.Debug|Win32.Build.0 = Debug|Win32
		{9A640119-AE85-45AC-935D-2B9677CCA428}.Debug|x64.ActiveCfg = Debug|Win32
		{9A640119-AE85-45AC-935D-2B9677CCA428}.Release|Itanium.ActiveCfg = Release|Win32
		{9A640119-AE85-45AC-935D-2B9677CCA428}.Release|Win32.ActiveCfg = Release|Win32
		{9A640119-AE85-45AC-935D-2B9677CCA428}.Release|Win32.Build.0 = Release|Win32
		{9A640119-AE85-45AC-935D-2B9677CCA428}.Release|x64.ActiveCfg = Release|Win32
	EndGlobalSection
	GlobalSection(SolutionProperties) = preSolution
		HideSolutionNode = FALSE
	EndGlobalSection
EndGlobal
